<Solution>
  <Folder Name="/src/">
    <Project Path="src/CulinaryBlog.API/CulinaryBlog.API.csproj" />
    <Project Path="src/CulinaryBlog.Application/CulinaryBlog.Application.csproj" />
    <Project Path="src/CulinaryBlog.Domain/CulinaryBlog.Domain.csproj" />
    <Project Path="src/CulinaryBlog.Infrastructure/CulinaryBlog.Infrastructure.csproj" />
  </Folder>
</Solution>
